schema: '2.0'
stages:
  map:
    cmd: python -m mapping.speckle --inference=True --validation=True --stream_id=Pritoni
    deps:
    - path: ../../ontologies/imported/s223.ttl
      hash: md5
      md5: 4ae08ea16e12b5380b19d95a04204871
      size: 4870663
    - path: ../s223
      hash: md5
      md5: 3ae56378d92938c1b76b29d3564c0ce6.dir
      size: 8496
      nfiles: 12
    - path: ../src/mapping
      hash: md5
      md5: 11cd5a00fd52fc80b9579e9306bf3acf.dir
      size: 129330
      nfiles: 25
    - path: ../src/validation
      hash: md5
      md5: e77ab8132f6bfc9ebc98ca23ffeee148.dir
      size: 19050
      nfiles: 13
    outs:
    - path: out.ttl
      hash: md5
      md5: 3a34bc29c19e96c28fa3bd72917ab292
      size: 318070991
  report:
    cmd: quarto render report.qmd
    deps:
    - path: ../out.ttl
      hash: md5
      md5: 8fd56e0cd102e5ab4bbfcce5e29e61bd
      size: 318055635
    - path: report.qmd
      hash: md5
      md5: f1cbce6c4a41e8bf9a2be1abfb46ae0e
      size: 450
    outs:
    - path: report.html
      hash: md5
      md5: 02502cdec9d5243e89afdbf2fe2ab1d5
      size: 16784
    - path: report_files
      hash: md5
      md5: c23a202d212df0d663443b14391e17a2.dir
      size: 722661
      nfiles: 11
